
Microsoft Visual Studio Solution File, Format Version 12.00
Project("{FAE04EC0-301F-11D3-BF4B-00C04F79EFBC}") = "MyNUnit", "MyNUnit\MyNUnit.csproj", "{72187A05-9B72-4A32-9F0C-ECC6DEA1B404}"
EndProject
Project("{FAE04EC0-301F-11D3-BF4B-00C04F79EFBC}") = "MyNUnit.Tests", "MyNUnit.Tests\MyNUnit.Tests.csproj", "{A1223C89-D090-4D5B-84D8-2BCF1A4669E1}"
EndProject
Project("{FAE04EC0-301F-11D3-BF4B-00C04F79EFBC}") = "Project.Tests", "Project.Tests\Project.Tests.csproj", "{E603045E-F521-4136-A284-6621DC606792}"
EndProject
Project("{FAE04EC0-301F-11D3-BF4B-00C04F79EFBC}") = "ProjectFailedBefore.Tests", "ProjectFailedBefore.Tests\ProjectFailedBefore.Tests.csproj", "{3D470704-8D77-44A3-A38C-5BC8DCE39250}"
EndProject
Global
	GlobalSection(SolutionConfigurationPlatforms) = preSolution
		Debug|Any CPU = Debug|Any CPU
		Release|Any CPU = Release|Any CPU
	EndGlobalSection
	GlobalSection(ProjectConfigurationPlatforms) = postSolution
		{72187A05-9B72-4A32-9F0C-ECC6DEA1B404}.Debug|Any CPU.ActiveCfg = Debug|Any CPU
		{72187A05-9B72-4A32-9F0C-ECC6DEA1B404}.Debug|Any CPU.Build.0 = Debug|Any CPU
		{72187A05-9B72-4A32-9F0C-ECC6DEA1B404}.Release|Any CPU.ActiveCfg = Release|Any CPU
		{72187A05-9B72-4A32-9F0C-ECC6DEA1B404}.Release|Any CPU.Build.0 = Release|Any CPU
		{A1223C89-D090-4D5B-84D8-2BCF1A4669E1}.Debug|Any CPU.ActiveCfg = Debug|Any CPU
		{A1223C89-D090-4D5B-84D8-2BCF1A4669E1}.Debug|Any CPU.Build.0 = Debug|Any CPU
		{A1223C89-D090-4D5B-84D8-2BCF1A4669E1}.Release|Any CPU.ActiveCfg = Release|Any CPU
		{A1223C89-D090-4D5B-84D8-2BCF1A4669E1}.Release|Any CPU.Build.0 = Release|Any CPU
		{E603045E-F521-4136-A284-6621DC606792}.Debug|Any CPU.ActiveCfg = Debug|Any CPU
		{E603045E-F521-4136-A284-6621DC606792}.Debug|Any CPU.Build.0 = Debug|Any CPU
		{E603045E-F521-4136-A284-6621DC606792}.Release|Any CPU.ActiveCfg = Release|Any CPU
		{E603045E-F521-4136-A284-6621DC606792}.Release|Any CPU.Build.0 = Release|Any CPU
		{3D470704-8D77-44A3-A38C-5BC8DCE39250}.Debug|Any CPU.ActiveCfg = Debug|Any CPU
		{3D470704-8D77-44A3-A38C-5BC8DCE39250}.Debug|Any CPU.Build.0 = Debug|Any CPU
		{3D470704-8D77-44A3-A38C-5BC8DCE39250}.Release|Any CPU.ActiveCfg = Release|Any CPU
		{3D470704-8D77-44A3-A38C-5BC8DCE39250}.Release|Any CPU.Build.0 = Release|Any CPU
	EndGlobalSection
EndGlobal
